
Microsoft Visual Studio Solution File, Format Version 12.00
# Visual Studio Version 16
VisualStudioVersion = 16.0.30413.136
MinimumVisualStudioVersion = 10.0.40219.1
Project("{FAE04EC0-301F-11D3-BF4B-00C04F79EFBC}") = "Uppgift1", "..\Uppgift1\Uppgift1.csproj", "{3B598D17-53CC-4454-8CC3-24564E1FF29D}"
EndProject
Project("{FAE04EC0-301F-11D3-BF4B-00C04F79EFBC}") = "Uppgift 2", "..\Uppgift 2\Uppgift 2.csproj", "{80CD35AE-0FAD-4606-8C53-CB255BE3EA94}"
EndProject
Project("{FAE04EC0-301F-11D3-BF4B-00C04F79EFBC}") = "Uppgift 3", "..\Uppgift 3\Uppgift 3.csproj", "{4E909115-E440-4713-8C52-5CCA1C17C616}"
EndProject
Global
	GlobalSection(SolutionConfigurationPlatforms) = preSolution
		Debug|Any CPU = Debug|Any CPU
		Release|Any CPU = Release|Any CPU
	EndGlobalSection
	GlobalSection(ProjectConfigurationPlatforms) = postSolution
		{3B598D17-53CC-4454-8CC3-24564E1FF29D}.Debug|Any CPU.ActiveCfg = Debug|Any CPU
		{3B598D17-53CC-4454-8CC3-24564E1FF29D}.Debug|Any CPU.Build.0 = Debug|Any CPU
		{3B598D17-53CC-4454-8CC3-24564E1FF29D}.Release|Any CPU.ActiveCfg = Release|Any CPU
		{3B598D17-53CC-4454-8CC3-24564E1FF29D}.Release|Any CPU.Build.0 = Release|Any CPU
		{80CD35AE-0FAD-4606-8C53-CB255BE3EA94}.Debug|Any CPU.ActiveCfg = Debug|Any CPU
		{80CD35AE-0FAD-4606-8C53-CB255BE3EA94}.Debug|Any CPU.Build.0 = Debug|Any CPU
		{80CD35AE-0FAD-4606-8C53-CB255BE3EA94}.Release|Any CPU.ActiveCfg = Release|Any CPU
		{80CD35AE-0FAD-4606-8C53-CB255BE3EA94}.Release|Any CPU.Build.0 = Release|Any CPU
		{4E909115-E440-4713-8C52-5CCA1C17C616}.Debug|Any CPU.ActiveCfg = Debug|Any CPU
		{4E909115-E440-4713-8C52-5CCA1C17C616}.Debug|Any CPU.Build.0 = Debug|Any CPU
		{4E909115-E440-4713-8C52-5CCA1C17C616}.Release|Any CPU.ActiveCfg = Release|Any CPU
		{4E909115-E440-4713-8C52-5CCA1C17C616}.Release|Any CPU.Build.0 = Release|Any CPU
	EndGlobalSection
	GlobalSection(SolutionProperties) = preSolution
		HideSolutionNode = FALSE
	EndGlobalSection
	GlobalSection(ExtensibilityGlobals) = postSolution
		SolutionGuid = {F97AA4EB-70FE-45CF-BBB4-39ACD94F8D9A}
	EndGlobalSection
EndGlobal
