
Microsoft Visual Studio Solution File, Format Version 12.00
# Visual Studio Version 16
VisualStudioVersion = 16.0.30517.126
MinimumVisualStudioVersion = 10.0.40219.1
Project("{FAE04EC0-301F-11D3-BF4B-00C04F79EFBC}") = "Uppgift1", "Uppgift1.csproj", "{D51A050E-74A9-49B3-8DCE-F5B8BFFF45F6}"
EndProject
Project("{FAE04EC0-301F-11D3-BF4B-00C04F79EFBC}") = "Uppgift2", "..\Uppgift2\Uppgift2.csproj", "{5DF8781D-B9BD-4619-99B4-2C46239B4EF7}"
EndProject
Global
	GlobalSection(SolutionConfigurationPlatforms) = preSolution
		Debug|Any CPU = Debug|Any CPU
		Release|Any CPU = Release|Any CPU
	EndGlobalSection
	GlobalSection(ProjectConfigurationPlatforms) = postSolution
		{D51A050E-74A9-49B3-8DCE-F5B8BFFF45F6}.Debug|Any CPU.ActiveCfg = Debug|Any CPU
		{D51A050E-74A9-49B3-8DCE-F5B8BFFF45F6}.Debug|Any CPU.Build.0 = Debug|Any CPU
		{D51A050E-74A9-49B3-8DCE-F5B8BFFF45F6}.Release|Any CPU.ActiveCfg = Release|Any CPU
		{D51A050E-74A9-49B3-8DCE-F5B8BFFF45F6}.Release|Any CPU.Build.0 = Release|Any CPU
		{5DF8781D-B9BD-4619-99B4-2C46239B4EF7}.Debug|Any CPU.ActiveCfg = Debug|Any CPU
		{5DF8781D-B9BD-4619-99B4-2C46239B4EF7}.Debug|Any CPU.Build.0 = Debug|Any CPU
		{5DF8781D-B9BD-4619-99B4-2C46239B4EF7}.Release|Any CPU.ActiveCfg = Release|Any CPU
		{5DF8781D-B9BD-4619-99B4-2C46239B4EF7}.Release|Any CPU.Build.0 = Release|Any CPU
	EndGlobalSection
	GlobalSection(SolutionProperties) = preSolution
		HideSolutionNode = FALSE
	EndGlobalSection
	GlobalSection(ExtensibilityGlobals) = postSolution
		SolutionGuid = {DACB76F0-756D-4A5F-95B7-A7C6FA777CC4}
	EndGlobalSection
EndGlobal
